
Microsoft Visual Studio Solution File, Format Version 12.00
# Visual Studio 15
VisualStudioVersion = 15.0.27428.2015
MinimumVisualStudioVersion = 10.0.40219.1
Project("{FAE04EC0-301F-11D3-BF4B-00C04F79EFBC}") = "01_Thread", "01_Thread\01_Thread.csproj", "{A69DDB35-E740-4617-8A7C-87ADFC83E845}"
EndProject
Project("{FAE04EC0-301F-11D3-BF4B-00C04F79EFBC}") = "02_MultiThread", "02_MultiThread\02_MultiThread.csproj", "{47CC0FA0-FD2E-42DE-A127-C2AF48D15F60}"
EndProject
Project("{FAE04EC0-301F-11D3-BF4B-00C04F79EFBC}") = "03_ThreadBackground", "03_ThreadBackground\03_ThreadBackground.csproj", "{D68B06EC-9FDF-4C35-9621-5993F99E97F7}"
EndProject
Project("{FAE04EC0-301F-11D3-BF4B-00C04F79EFBC}") = "04_ThreadSafe", "04_ThreadSafe\04_ThreadSafe.csproj", "{CFBC668F-448E-4B2C-B4FA-1813D191ACB7}"
EndProject
Project("{FAE04EC0-301F-11D3-BF4B-00C04F79EFBC}") = "05_ThreadID", "05_ThreadID\05_ThreadID.csproj", "{70B69FF4-349D-4DB1-84B9-D757904D35D1}"
EndProject
Project("{FAE04EC0-301F-11D3-BF4B-00C04F79EFBC}") = "06_ThreadMetodos", "06_ThreadMetodos\06_ThreadMetodos.csproj", "{82EE4B0E-30F5-4B88-A588-DF9ADD874D29}"
EndProject
Project("{FAE04EC0-301F-11D3-BF4B-00C04F79EFBC}") = "08_AutoManual", "08_AutoManual\08_AutoManual.csproj", "{22A02371-8C78-459E-BA5E-FCF4EED1EC81}"
EndProject
Global
	GlobalSection(SolutionConfigurationPlatforms) = preSolution
		Debug|Any CPU = Debug|Any CPU
		Release|Any CPU = Release|Any CPU
	EndGlobalSection
	GlobalSection(ProjectConfigurationPlatforms) = postSolution
		{A69DDB35-E740-4617-8A7C-87ADFC83E845}.Debug|Any CPU.ActiveCfg = Debug|Any CPU
		{A69DDB35-E740-4617-8A7C-87ADFC83E845}.Debug|Any CPU.Build.0 = Debug|Any CPU
		{A69DDB35-E740-4617-8A7C-87ADFC83E845}.Release|Any CPU.ActiveCfg = Release|Any CPU
		{A69DDB35-E740-4617-8A7C-87ADFC83E845}.Release|Any CPU.Build.0 = Release|Any CPU
		{47CC0FA0-FD2E-42DE-A127-C2AF48D15F60}.Debug|Any CPU.ActiveCfg = Debug|Any CPU
		{47CC0FA0-FD2E-42DE-A127-C2AF48D15F60}.Debug|Any CPU.Build.0 = Debug|Any CPU
		{47CC0FA0-FD2E-42DE-A127-C2AF48D15F60}.Release|Any CPU.ActiveCfg = Release|Any CPU
		{47CC0FA0-FD2E-42DE-A127-C2AF48D15F60}.Release|Any CPU.Build.0 = Release|Any CPU
		{D68B06EC-9FDF-4C35-9621-5993F99E97F7}.Debug|Any CPU.ActiveCfg = Debug|Any CPU
		{D68B06EC-9FDF-4C35-9621-5993F99E97F7}.Debug|Any CPU.Build.0 = Debug|Any CPU
		{D68B06EC-9FDF-4C35-9621-5993F99E97F7}.Release|Any CPU.ActiveCfg = Release|Any CPU
		{D68B06EC-9FDF-4C35-9621-5993F99E97F7}.Release|Any CPU.Build.0 = Release|Any CPU
		{CFBC668F-448E-4B2C-B4FA-1813D191ACB7}.Debug|Any CPU.ActiveCfg = Debug|Any CPU
		{CFBC668F-448E-4B2C-B4FA-1813D191ACB7}.Debug|Any CPU.Build.0 = Debug|Any CPU
		{CFBC668F-448E-4B2C-B4FA-1813D191ACB7}.Release|Any CPU.ActiveCfg = Release|Any CPU
		{CFBC668F-448E-4B2C-B4FA-1813D191ACB7}.Release|Any CPU.Build.0 = Release|Any CPU
		{70B69FF4-349D-4DB1-84B9-D757904D35D1}.Debug|Any CPU.ActiveCfg = Debug|Any CPU
		{70B69FF4-349D-4DB1-84B9-D757904D35D1}.Debug|Any CPU.Build.0 = Debug|Any CPU
		{70B69FF4-349D-4DB1-84B9-D757904D35D1}.Release|Any CPU.ActiveCfg = Release|Any CPU
		{70B69FF4-349D-4DB1-84B9-D757904D35D1}.Release|Any CPU.Build.0 = Release|Any CPU
		{82EE4B0E-30F5-4B88-A588-DF9ADD874D29}.Debug|Any CPU.ActiveCfg = Debug|Any CPU
		{82EE4B0E-30F5-4B88-A588-DF9ADD874D29}.Debug|Any CPU.Build.0 = Debug|Any CPU
		{82EE4B0E-30F5-4B88-A588-DF9ADD874D29}.Release|Any CPU.ActiveCfg = Release|Any CPU
		{82EE4B0E-30F5-4B88-A588-DF9ADD874D29}.Release|Any CPU.Build.0 = Release|Any CPU
		{22A02371-8C78-459E-BA5E-FCF4EED1EC81}.Debug|Any CPU.ActiveCfg = Debug|Any CPU
		{22A02371-8C78-459E-BA5E-FCF4EED1EC81}.Debug|Any CPU.Build.0 = Debug|Any CPU
		{22A02371-8C78-459E-BA5E-FCF4EED1EC81}.Release|Any CPU.ActiveCfg = Release|Any CPU
		{22A02371-8C78-459E-BA5E-FCF4EED1EC81}.Release|Any CPU.Build.0 = Release|Any CPU
	EndGlobalSection
	GlobalSection(SolutionProperties) = preSolution
		HideSolutionNode = FALSE
	EndGlobalSection
	GlobalSection(ExtensibilityGlobals) = postSolution
		SolutionGuid = {B82E5A01-A611-4201-B28E-CBE8E068E7CB}
	EndGlobalSection
EndGlobal
