
Microsoft Visual Studio Solution File, Format Version 12.00
# Visual Studio 15
VisualStudioVersion = 15.0.27428.2005
MinimumVisualStudioVersion = 10.0.40219.1
Project("{FAE04EC0-301F-11D3-BF4B-00C04F79EFBC}") = "01_Delegates", "01_Delegates\01_Delegates.csproj", "{DF18F8E7-E742-449B-AC4D-61F41D4F3462}"
EndProject
Project("{FAE04EC0-301F-11D3-BF4B-00C04F79EFBC}") = "02_Delegates", "02_Delegates\02_Delegates.csproj", "{C852D859-674B-4408-9D97-A2FB46DF2FB7}"
EndProject
Project("{FAE04EC0-301F-11D3-BF4B-00C04F79EFBC}") = "03_Eventos", "03_Eventos\03_Eventos.csproj", "{7C70DF3C-A33E-45C7-87A7-869A92FC16EC}"
EndProject
Project("{FAE04EC0-301F-11D3-BF4B-00C04F79EFBC}") = "04_DelegateMethod", "04_DelegateMethod\04_DelegateMethod.csproj", "{B9E81B11-44BC-410E-B430-C00527BEFC6F}"
EndProject
Global
	GlobalSection(SolutionConfigurationPlatforms) = preSolution
		Debug|Any CPU = Debug|Any CPU
		Release|Any CPU = Release|Any CPU
	EndGlobalSection
	GlobalSection(ProjectConfigurationPlatforms) = postSolution
		{DF18F8E7-E742-449B-AC4D-61F41D4F3462}.Debug|Any CPU.ActiveCfg = Debug|Any CPU
		{DF18F8E7-E742-449B-AC4D-61F41D4F3462}.Debug|Any CPU.Build.0 = Debug|Any CPU
		{DF18F8E7-E742-449B-AC4D-61F41D4F3462}.Release|Any CPU.ActiveCfg = Release|Any CPU
		{DF18F8E7-E742-449B-AC4D-61F41D4F3462}.Release|Any CPU.Build.0 = Release|Any CPU
		{C852D859-674B-4408-9D97-A2FB46DF2FB7}.Debug|Any CPU.ActiveCfg = Debug|Any CPU
		{C852D859-674B-4408-9D97-A2FB46DF2FB7}.Debug|Any CPU.Build.0 = Debug|Any CPU
		{C852D859-674B-4408-9D97-A2FB46DF2FB7}.Release|Any CPU.ActiveCfg = Release|Any CPU
		{C852D859-674B-4408-9D97-A2FB46DF2FB7}.Release|Any CPU.Build.0 = Release|Any CPU
		{7C70DF3C-A33E-45C7-87A7-869A92FC16EC}.Debug|Any CPU.ActiveCfg = Debug|Any CPU
		{7C70DF3C-A33E-45C7-87A7-869A92FC16EC}.Debug|Any CPU.Build.0 = Debug|Any CPU
		{7C70DF3C-A33E-45C7-87A7-869A92FC16EC}.Release|Any CPU.ActiveCfg = Release|Any CPU
		{7C70DF3C-A33E-45C7-87A7-869A92FC16EC}.Release|Any CPU.Build.0 = Release|Any CPU
		{B9E81B11-44BC-410E-B430-C00527BEFC6F}.Debug|Any CPU.ActiveCfg = Debug|Any CPU
		{B9E81B11-44BC-410E-B430-C00527BEFC6F}.Debug|Any CPU.Build.0 = Debug|Any CPU
		{B9E81B11-44BC-410E-B430-C00527BEFC6F}.Release|Any CPU.ActiveCfg = Release|Any CPU
		{B9E81B11-44BC-410E-B430-C00527BEFC6F}.Release|Any CPU.Build.0 = Release|Any CPU
	EndGlobalSection
	GlobalSection(SolutionProperties) = preSolution
		HideSolutionNode = FALSE
	EndGlobalSection
	GlobalSection(ExtensibilityGlobals) = postSolution
		SolutionGuid = {1EA44615-E844-4160-AE07-78B1F9FCAA8D}
	EndGlobalSection
EndGlobal
