
Microsoft Visual Studio Solution File, Format Version 12.00
# Visual Studio 15
VisualStudioVersion = 15.0.27428.1
MinimumVisualStudioVersion = 10.0.40219.1
Project("{9A19103F-16F7-4668-BE54-9A1E7A4F7556}") = "00_Biblioteca", "00_Biblioteca\00_Biblioteca.csproj", "{327093EF-F729-41FD-A517-9A37A38F0823}"
EndProject
Project("{FAE04EC0-301F-11D3-BF4B-00C04F79EFBC}") = "01_SerializarXML", "01_SerializarXML\01_SerializarXML.csproj", "{BC650C48-F0A2-48E5-96C0-A473EC7715E4}"
EndProject
Project("{FAE04EC0-301F-11D3-BF4B-00C04F79EFBC}") = "02_DeserializarXML", "02_DeserializarXML\02_DeserializarXML.csproj", "{C5D2DBEB-AC72-4AFC-9020-D6FAAA0A58B4}"
EndProject
Global
	GlobalSection(SolutionConfigurationPlatforms) = preSolution
		Debug|Any CPU = Debug|Any CPU
		Release|Any CPU = Release|Any CPU
	EndGlobalSection
	GlobalSection(ProjectConfigurationPlatforms) = postSolution
		{327093EF-F729-41FD-A517-9A37A38F0823}.Debug|Any CPU.ActiveCfg = Debug|Any CPU
		{327093EF-F729-41FD-A517-9A37A38F0823}.Debug|Any CPU.Build.0 = Debug|Any CPU
		{327093EF-F729-41FD-A517-9A37A38F0823}.Release|Any CPU.ActiveCfg = Release|Any CPU
		{327093EF-F729-41FD-A517-9A37A38F0823}.Release|Any CPU.Build.0 = Release|Any CPU
		{BC650C48-F0A2-48E5-96C0-A473EC7715E4}.Debug|Any CPU.ActiveCfg = Debug|Any CPU
		{BC650C48-F0A2-48E5-96C0-A473EC7715E4}.Debug|Any CPU.Build.0 = Debug|Any CPU
		{BC650C48-F0A2-48E5-96C0-A473EC7715E4}.Release|Any CPU.ActiveCfg = Release|Any CPU
		{BC650C48-F0A2-48E5-96C0-A473EC7715E4}.Release|Any CPU.Build.0 = Release|Any CPU
		{C5D2DBEB-AC72-4AFC-9020-D6FAAA0A58B4}.Debug|Any CPU.ActiveCfg = Debug|Any CPU
		{C5D2DBEB-AC72-4AFC-9020-D6FAAA0A58B4}.Debug|Any CPU.Build.0 = Debug|Any CPU
		{C5D2DBEB-AC72-4AFC-9020-D6FAAA0A58B4}.Release|Any CPU.ActiveCfg = Release|Any CPU
		{C5D2DBEB-AC72-4AFC-9020-D6FAAA0A58B4}.Release|Any CPU.Build.0 = Release|Any CPU
	EndGlobalSection
	GlobalSection(SolutionProperties) = preSolution
		HideSolutionNode = FALSE
	EndGlobalSection
	GlobalSection(ExtensibilityGlobals) = postSolution
		SolutionGuid = {D837D884-7FBB-4FC5-B936-43071A5DA6C9}
	EndGlobalSection
EndGlobal
