
Microsoft Visual Studio Solution File, Format Version 12.00
# Visual Studio 15
VisualStudioVersion = 15.0.27428.2002
MinimumVisualStudioVersion = 10.0.40219.1
Project("{FAE04EC0-301F-11D3-BF4B-00C04F79EFBC}") = "01_Linq", "01_Linq\01_Linq.csproj", "{629E5FB0-98E8-4175-AEB6-ED4997E89E11}"
EndProject
Project("{FAE04EC0-301F-11D3-BF4B-00C04F79EFBC}") = "02_Linq", "02_Linq\02_Linq.csproj", "{0A15ADC7-D003-4715-AF70-4837FC1B54B8}"
EndProject
Project("{FAE04EC0-301F-11D3-BF4B-00C04F79EFBC}") = "03_Linq_Obj", "03_Linq_Obj\03_Linq_Obj.csproj", "{44523506-AFF7-431F-982D-E0CF7E85F856}"
EndProject
Project("{FAE04EC0-301F-11D3-BF4B-00C04F79EFBC}") = "04_Linq_Join", "04_Linq_Join\04_Linq_Join.csproj", "{7D2F420B-BB7E-4DE9-89EE-1228EAA41860}"
EndProject
Project("{FAE04EC0-301F-11D3-BF4B-00C04F79EFBC}") = "05_Linq_Group", "05_Linq_Group\05_Linq_Group.csproj", "{F6377203-F639-4FCA-8C14-81561DD04C4C}"
EndProject
Global
	GlobalSection(SolutionConfigurationPlatforms) = preSolution
		Debug|Any CPU = Debug|Any CPU
		Release|Any CPU = Release|Any CPU
	EndGlobalSection
	GlobalSection(ProjectConfigurationPlatforms) = postSolution
		{629E5FB0-98E8-4175-AEB6-ED4997E89E11}.Debug|Any CPU.ActiveCfg = Debug|Any CPU
		{629E5FB0-98E8-4175-AEB6-ED4997E89E11}.Debug|Any CPU.Build.0 = Debug|Any CPU
		{629E5FB0-98E8-4175-AEB6-ED4997E89E11}.Release|Any CPU.ActiveCfg = Release|Any CPU
		{629E5FB0-98E8-4175-AEB6-ED4997E89E11}.Release|Any CPU.Build.0 = Release|Any CPU
		{0A15ADC7-D003-4715-AF70-4837FC1B54B8}.Debug|Any CPU.ActiveCfg = Debug|Any CPU
		{0A15ADC7-D003-4715-AF70-4837FC1B54B8}.Debug|Any CPU.Build.0 = Debug|Any CPU
		{0A15ADC7-D003-4715-AF70-4837FC1B54B8}.Release|Any CPU.ActiveCfg = Release|Any CPU
		{0A15ADC7-D003-4715-AF70-4837FC1B54B8}.Release|Any CPU.Build.0 = Release|Any CPU
		{44523506-AFF7-431F-982D-E0CF7E85F856}.Debug|Any CPU.ActiveCfg = Debug|Any CPU
		{44523506-AFF7-431F-982D-E0CF7E85F856}.Debug|Any CPU.Build.0 = Debug|Any CPU
		{44523506-AFF7-431F-982D-E0CF7E85F856}.Release|Any CPU.ActiveCfg = Release|Any CPU
		{44523506-AFF7-431F-982D-E0CF7E85F856}.Release|Any CPU.Build.0 = Release|Any CPU
		{7D2F420B-BB7E-4DE9-89EE-1228EAA41860}.Debug|Any CPU.ActiveCfg = Debug|Any CPU
		{7D2F420B-BB7E-4DE9-89EE-1228EAA41860}.Debug|Any CPU.Build.0 = Debug|Any CPU
		{7D2F420B-BB7E-4DE9-89EE-1228EAA41860}.Release|Any CPU.ActiveCfg = Release|Any CPU
		{7D2F420B-BB7E-4DE9-89EE-1228EAA41860}.Release|Any CPU.Build.0 = Release|Any CPU
		{F6377203-F639-4FCA-8C14-81561DD04C4C}.Debug|Any CPU.ActiveCfg = Debug|Any CPU
		{F6377203-F639-4FCA-8C14-81561DD04C4C}.Debug|Any CPU.Build.0 = Debug|Any CPU
		{F6377203-F639-4FCA-8C14-81561DD04C4C}.Release|Any CPU.ActiveCfg = Release|Any CPU
		{F6377203-F639-4FCA-8C14-81561DD04C4C}.Release|Any CPU.Build.0 = Release|Any CPU
	EndGlobalSection
	GlobalSection(SolutionProperties) = preSolution
		HideSolutionNode = FALSE
	EndGlobalSection
	GlobalSection(ExtensibilityGlobals) = postSolution
		SolutionGuid = {C2E2ED10-ABF7-458F-9098-C62C6882D0C2}
	EndGlobalSection
EndGlobal
